
Microsoft Visual Studio Solution File, Format Version 12.00
# Visual Studio 15
VisualStudioVersion = 15.0.27130.2010
MinimumVisualStudioVersion = 10.0.40219.1
Project("{FAE04EC0-301F-11D3-BF4B-00C04F79EFBC}") = "Minimum and maximum", "Minimum and maximum\Minimum and maximum.csproj", "{3A476802-3399-480B-AE37-A7A571A18CE3}"
EndProject
Global
	GlobalSection(SolutionConfigurationPlatforms) = preSolution
		Debug|Any CPU = Debug|Any CPU
		Release|Any CPU = Release|Any CPU
	EndGlobalSection
	GlobalSection(ProjectConfigurationPlatforms) = postSolution
		{3A476802-3399-480B-AE37-A7A571A18CE3}.Debug|Any CPU.ActiveCfg = Debug|Any CPU
		{3A476802-3399-480B-AE37-A7A571A18CE3}.Debug|Any CPU.Build.0 = Debug|Any CPU
		{3A476802-3399-480B-AE37-A7A571A18CE3}.Release|Any CPU.ActiveCfg = Release|Any CPU
		{3A476802-3399-480B-AE37-A7A571A18CE3}.Release|Any CPU.Build.0 = Release|Any CPU
	EndGlobalSection
	GlobalSection(SolutionProperties) = preSolution
		HideSolutionNode = FALSE
	EndGlobalSection
	GlobalSection(ExtensibilityGlobals) = postSolution
		SolutionGuid = {740106A1-55A5-44DF-AC52-C6E16F857F5E}
	EndGlobalSection
EndGlobal
